{
  "name": "nwjs-kremlin",
  "version": "0.0.1",
  "lockfileVersion": 1,
  "requires": true,
  "dependencies": {
    "chokidar": {
      "version": "1.0.5",
      "resolved": "https://registry.npmjs.org/chokidar/-/chokidar-1.0.5.tgz",
      "integrity": "sha1-8pJ4o24XQ2XaVsytSI7KzOSJNJQ=",
      "requires": {
        "anymatch": "1.3.0",
        "arrify": "1.0.0",
        "async-each": "0.1.6",
        "fsevents": "0.3.7",
        "glob-parent": "1.2.0",
        "is-binary-path": "1.0.1",
        "is-glob": "1.1.3",
        "path-is-absolute": "1.0.0",
        "readdirp": "1.4.0"
      },
      "dependencies": {
        "anymatch": {
          "version": "1.3.0",
          "resolved": "https://registry.npmjs.org/anymatch/-/anymatch-1.3.0.tgz",
          "integrity": "sha1-o+Uvo5FoyCX/V7AkgSbOWo/5VQc=",
          "requires": {
            "arrify": "1.0.0",
            "micromatch": "2.2.0"
          },
          "dependencies": {
            "micromatch": {
              "version": "2.2.0",
              "resolved": "https://registry.npmjs.org/micromatch/-/micromatch-2.2.0.tgz",
              "integrity": "sha1-5ygb+XEQCCe4kON12ZTxIDSJj/U=",
              "requires": {
                "arr-diff": "1.0.1",
                "array-unique": "0.2.1",
                "braces": "1.8.0",
                "expand-brackets": "0.1.2",
                "extglob": "0.3.1",
                "filename-regex": "2.0.0",
                "is-glob": "1.1.3",
                "kind-of": "1.1.0",
                "object.omit": "1.1.0",
                "parse-glob": "3.0.2",
                "regex-cache": "0.4.2"
              },
              "dependencies": {
                "arr-diff": {
                  "version": "1.0.1",
                  "resolved": "https://registry.npmjs.org/arr-diff/-/arr-diff-1.0.1.tgz",
                  "integrity": "sha1-C3Zu1bJrJCIS/r6cvyAkqNA0n20=",
                  "requires": {
                    "array-slice": "0.2.3"
                  },
                  "dependencies": {
                    "array-slice": {
                      "version": "0.2.3",
                      "resolved": "https://registry.npmjs.org/array-slice/-/array-slice-0.2.3.tgz",
                      "integrity": "sha1-3Tz7gO15c6dRF82sabC5nshhhvU="
                    }
                  }
                },
                "array-unique": {
                  "version": "0.2.1",
                  "resolved": "https://registry.npmjs.org/array-unique/-/array-unique-0.2.1.tgz",
                  "integrity": "sha1-odl8yvy8JiXMcPrc6zalDFiwGlM="
                },
                "braces": {
                  "version": "1.8.0",
                  "resolved": "https://registry.npmjs.org/braces/-/braces-1.8.0.tgz",
                  "integrity": "sha1-OkoAWq4DkYF8F7B03Kjwjm/J5MQ=",
                  "requires": {
                    "expand-range": "1.8.1",
                    "preserve": "0.2.0",
                    "repeat-element": "1.1.2"
                  },
                  "dependencies": {
                    "expand-range": {
                      "version": "1.8.1",
                      "resolved": "https://registry.npmjs.org/expand-range/-/expand-range-1.8.1.tgz",
                      "integrity": "sha1-rL1j5W79kTlyK3VfCZudtawfM/Y=",
                      "requires": {
                        "fill-range": "2.2.2"
                      },
                      "dependencies": {
                        "fill-range": {
                          "version": "2.2.2",
                          "resolved": "https://registry.npmjs.org/fill-range/-/fill-range-2.2.2.tgz",
                          "integrity": "sha1-KtnRWKamZvn7jJ+fBTRd/2jUV2A=",
                          "requires": {
                            "is-number": "1.1.2",
                            "isobject": "1.0.2",
                            "randomatic": "1.1.0",
                            "repeat-element": "1.1.2",
                            "repeat-string": "1.5.2"
                          },
                          "dependencies": {
                            "is-number": {
                              "version": "1.1.2",
                              "resolved": "https://registry.npmjs.org/is-number/-/is-number-1.1.2.tgz",
                              "integrity": "sha1-nYJAnzqKi+7PJJsbx9raSYKZZuQ="
                            },
                            "isobject": {
                              "version": "1.0.2",
                              "resolved": "https://registry.npmjs.org/isobject/-/isobject-1.0.2.tgz",
                              "integrity": "sha1-8Pm4zpLdVA+gdAiC44NaLgIux4o="
                            },
                            "randomatic": {
                              "version": "1.1.0",
                              "resolved": "https://registry.npmjs.org/randomatic/-/randomatic-1.1.0.tgz",
                              "integrity": "sha1-LKNrn5N0eqyYXrJCdJr4i0XV1C0=",
                              "requires": {
                                "is-number": "1.1.2",
                                "kind-of": "1.1.0"
                              }
                            },
                            "repeat-string": {
                              "version": "1.5.2",
                              "resolved": "https://registry.npmjs.org/repeat-string/-/repeat-string-1.5.2.tgz",
                              "integrity": "sha1-IQZfcHJ60FOg3V6VesngDHVg2Qo="
                            }
                          }
                        }
                      }
                    },
                    "preserve": {
                      "version": "0.2.0",
                      "resolved": "https://registry.npmjs.org/preserve/-/preserve-0.2.0.tgz",
                      "integrity": "sha1-gV7R9uvGWSb4ZbMQwHE7yzMVzks="
                    },
                    "repeat-element": {
                      "version": "1.1.2",
                      "resolved": "https://registry.npmjs.org/repeat-element/-/repeat-element-1.1.2.tgz",
                      "integrity": "sha1-7wiaF40Ug7quTZPrmLT55OEdmQo="
                    }
                  }
                },
                "expand-brackets": {
                  "version": "0.1.2",
                  "resolved": "https://registry.npmjs.org/expand-brackets/-/expand-brackets-0.1.2.tgz",
                  "integrity": "sha1-+xVDmWRh3b5Nn24A6FXTVSk41qc="
                },
                "extglob": {
                  "version": "0.3.1",
                  "resolved": "https://registry.npmjs.org/extglob/-/extglob-0.3.1.tgz",
                  "integrity": "sha1-TzEkHA3dyQrIxynLbXyHLe53yPU=",
                  "requires": {
                    "ansi-green": "0.1.1",
                    "is-extglob": "1.0.0",
                    "success-symbol": "0.1.0"
                  },
                  "dependencies": {
                    "ansi-green": {
                      "version": "0.1.1",
                      "resolved": "https://registry.npmjs.org/ansi-green/-/ansi-green-0.1.1.tgz",
                      "integrity": "sha1-il2al55FjVfEDjNYCzc5C44Q0Pc=",
                      "requires": {
                        "ansi-wrap": "0.1.0"
                      },
                      "dependencies": {
                        "ansi-wrap": {
                          "version": "0.1.0",
                          "resolved": "https://registry.npmjs.org/ansi-wrap/-/ansi-wrap-0.1.0.tgz",
                          "integrity": "sha1-qCJQ3bABXponyoLoLqYDu/pF768="
                        }
                      }
                    },
                    "is-extglob": {
                      "version": "1.0.0",
                      "resolved": "https://registry.npmjs.org/is-extglob/-/is-extglob-1.0.0.tgz",
                      "integrity": "sha1-rEaBd8SUNAWgkvyPKXYMb/xiBsA="
                    },
                    "success-symbol": {
                      "version": "0.1.0",
                      "resolved": "https://registry.npmjs.org/success-symbol/-/success-symbol-0.1.0.tgz",
                      "integrity": "sha1-JAIuSG878c3KCUKDt2nEctO3KJc="
                    }
                  }
                },
                "filename-regex": {
                  "version": "2.0.0",
                  "resolved": "https://registry.npmjs.org/filename-regex/-/filename-regex-2.0.0.tgz",
                  "integrity": "sha1-mW4+gEebmLmJfxWopYs9CE6SZ3U="
                },
                "kind-of": {
                  "version": "1.1.0",
                  "resolved": "https://registry.npmjs.org/kind-of/-/kind-of-1.1.0.tgz",
                  "integrity": "sha1-FAo9LUGjbS78+pN3tiwk+ElaXEQ="
                },
                "object.omit": {
                  "version": "1.1.0",
                  "resolved": "https://registry.npmjs.org/object.omit/-/object.omit-1.1.0.tgz",
                  "integrity": "sha1-nRfqFneOUFfeundSxvVfFJaCnpQ=",
                  "requires": {
                    "for-own": "0.1.3",
                    "isobject": "1.0.2"
                  },
                  "dependencies": {
                    "for-own": {
                      "version": "0.1.3",
                      "resolved": "https://registry.npmjs.org/for-own/-/for-own-0.1.3.tgz",
                      "integrity": "sha1-YGREzed8LwoRCIFp4uNU6vVudP4=",
                      "requires": {
                        "for-in": "0.1.4"
                      },
                      "dependencies": {
                        "for-in": {
                          "version": "0.1.4",
                          "resolved": "https://registry.npmjs.org/for-in/-/for-in-0.1.4.tgz",
                          "integrity": "sha1-n1z3tP/H4a5lkaTpexd6pZ1w+y4="
                        }
                      }
                    },
                    "isobject": {
                      "version": "1.0.2",
                      "resolved": "https://registry.npmjs.org/isobject/-/isobject-1.0.2.tgz",
                      "integrity": "sha1-8Pm4zpLdVA+gdAiC44NaLgIux4o="
                    }
                  }
                },
                "parse-glob": {
                  "version": "3.0.2",
                  "resolved": "https://registry.npmjs.org/parse-glob/-/parse-glob-3.0.2.tgz",
                  "integrity": "sha1-j2iDOhr4AbvLwdCgm3l1XWsRmNk=",
                  "requires": {
                    "glob-base": "0.2.0",
                    "is-dotfile": "1.0.1",
                    "is-extglob": "1.0.0",
                    "is-glob": "1.1.3"
                  },
                  "dependencies": {
                    "glob-base": {
                      "version": "0.2.0",
                      "resolved": "https://registry.npmjs.org/glob-base/-/glob-base-0.2.0.tgz",
                      "integrity": "sha1-WdLzjDuihgrxSbaxdFEqFp6fGz0=",
                      "requires": {
                        "glob-parent": "1.2.0"
                      }
                    },
                    "is-dotfile": {
                      "version": "1.0.1",
                      "resolved": "https://registry.npmjs.org/is-dotfile/-/is-dotfile-1.0.1.tgz",
                      "integrity": "sha1-OL7uRKeag1JCxszjKKiLft2sXV8="
                    },
                    "is-extglob": {
                      "version": "1.0.0",
                      "resolved": "https://registry.npmjs.org/is-extglob/-/is-extglob-1.0.0.tgz",
                      "integrity": "sha1-rEaBd8SUNAWgkvyPKXYMb/xiBsA="
                    }
                  }
                },
                "regex-cache": {
                  "version": "0.4.2",
                  "resolved": "https://registry.npmjs.org/regex-cache/-/regex-cache-0.4.2.tgz",
                  "integrity": "sha1-bk+Jwma8A8M/0SnAYhhGh/RmNIc=",
                  "requires": {
                    "is-equal-shallow": "0.1.3",
                    "is-primitive": "2.0.0"
                  },
                  "dependencies": {
                    "is-equal-shallow": {
                      "version": "0.1.3",
                      "resolved": "https://registry.npmjs.org/is-equal-shallow/-/is-equal-shallow-0.1.3.tgz",
                      "integrity": "sha1-IjgJj8Ih3gvPpdnqxMRdY4qhxTQ=",
                      "requires": {
                        "is-primitive": "2.0.0"
                      }
                    },
                    "is-primitive": {
                      "version": "2.0.0",
                      "resolved": "https://registry.npmjs.org/is-primitive/-/is-primitive-2.0.0.tgz",
                      "integrity": "sha1-IHurkWOEmcB7Kt8kCkGochADRXU="
                    }
                  }
                }
              }
            }
          }
        },
        "arrify": {
          "version": "1.0.0",
          "resolved": "https://registry.npmjs.org/arrify/-/arrify-1.0.0.tgz",
          "integrity": "sha1-1sNhUYJQgC+iFH6n+2dZcSjLjIE="
        },
        "async-each": {
          "version": "0.1.6",
          "resolved": "https://registry.npmjs.org/async-each/-/async-each-0.1.6.tgz",
          "integrity": "sha1-tn6Z7c3fllQeRK9WKQzX1cbnBDk="
        },
        "fsevents": {
          "version": "0.3.7",
          "resolved": "https://registry.npmjs.org/fsevents/-/fsevents-0.3.7.tgz",
          "integrity": "sha1-d2DAhXASbD0XoQSJwK1axRX7qm4=",
          "optional": true,
          "requires": {
            "nan": "1.9.0"
          },
          "dependencies": {
            "nan": {
              "version": "1.9.0",
              "resolved": "https://registry.npmjs.org/nan/-/nan-1.9.0.tgz",
              "integrity": "sha1-GpzSdVYJdm9cKR5BlPzjn94oZRU=",
              "optional": true
            }
          }
        },
        "glob-parent": {
          "version": "1.2.0",
          "resolved": "https://registry.npmjs.org/glob-parent/-/glob-parent-1.2.0.tgz",
          "integrity": "sha1-je/6v2MX21sPd19VP6xzHs9B3tU=",
          "requires": {
            "is-glob": "1.1.3"
          }
        },
        "is-binary-path": {
          "version": "1.0.1",
          "resolved": "https://registry.npmjs.org/is-binary-path/-/is-binary-path-1.0.1.tgz",
          "integrity": "sha1-dfFmQrSA8YenEcgUFh/TpKdlWJg=",
          "requires": {
            "binary-extensions": "1.3.1"
          },
          "dependencies": {
            "binary-extensions": {
              "version": "1.3.1",
              "resolved": "https://registry.npmjs.org/binary-extensions/-/binary-extensions-1.3.1.tgz",
              "integrity": "sha1-Mt2e0qfGms7Fb3f2zYDfBD94d3o="
            }
          }
        },
        "is-glob": {
          "version": "1.1.3",
          "resolved": "https://registry.npmjs.org/is-glob/-/is-glob-1.1.3.tgz",
          "integrity": "sha1-tMZLgwPTkRRJKkYNNkzPsNPAoEU="
        },
        "path-is-absolute": {
          "version": "1.0.0",
          "resolved": "https://registry.npmjs.org/path-is-absolute/-/path-is-absolute-1.0.0.tgz",
          "integrity": "sha1-Jj2tpmqz8vsQv3+dJN2PPlcO+RI="
        },
        "readdirp": {
          "version": "1.4.0",
          "resolved": "https://registry.npmjs.org/readdirp/-/readdirp-1.4.0.tgz",
          "integrity": "sha1-xd5vyz3sgFI8HHARPxoZDYr4LIk=",
          "requires": {
            "graceful-fs": "4.1.2",
            "minimatch": "0.2.14",
            "readable-stream": "1.0.33"
          },
          "dependencies": {
            "graceful-fs": {
              "version": "4.1.2",
              "resolved": "https://registry.npmjs.org/graceful-fs/-/graceful-fs-4.1.2.tgz",
              "integrity": "sha1-/iI5t1dJcuZ+QfgIgj+b+kqZHjc="
            },
            "minimatch": {
              "version": "0.2.14",
              "resolved": "https://registry.npmjs.org/minimatch/-/minimatch-0.2.14.tgz",
              "integrity": "sha1-x054BXT2PG+aCQ6Q775u9TpqdWo=",
              "requires": {
                "lru-cache": "2.6.5",
                "sigmund": "1.0.1"
              },
              "dependencies": {
                "lru-cache": {
                  "version": "2.6.5",
                  "resolved": "https://registry.npmjs.org/lru-cache/-/lru-cache-2.6.5.tgz",
                  "integrity": "sha1-5W1jVBSO3o13B7WNFDIg/QjfD9U="
                },
                "sigmund": {
                  "version": "1.0.1",
                  "resolved": "https://registry.npmjs.org/sigmund/-/sigmund-1.0.1.tgz",
                  "integrity": "sha1-P/IfGYytIXX587eBhT/ZTQ0ZtZA="
                }
              }
            },
            "readable-stream": {
              "version": "1.0.33",
              "resolved": "https://registry.npmjs.org/readable-stream/-/readable-stream-1.0.33.tgz",
              "integrity": "sha1-OjYN1mwbHX/UcFOJhg7aHQ9hEmw=",
              "requires": {
                "core-util-is": "1.0.1",
                "inherits": "2.0.1",
                "isarray": "0.0.1",
                "string_decoder": "0.10.31"
              },
              "dependencies": {
                "core-util-is": {
                  "version": "1.0.1",
                  "resolved": "https://registry.npmjs.org/core-util-is/-/core-util-is-1.0.1.tgz",
                  "integrity": "sha1-awcIWu+aPMrG7lO/nT3wwVIaVTg="
                },
                "inherits": {
                  "version": "2.0.1",
                  "resolved": "https://registry.npmjs.org/inherits/-/inherits-2.0.1.tgz",
                  "integrity": "sha1-sX0I0ya0Qj5Wjv9xn5GwscvfafE="
                },
                "isarray": {
                  "version": "0.0.1",
                  "resolved": "https://registry.npmjs.org/isarray/-/isarray-0.0.1.tgz",
                  "integrity": "sha1-ihis/Kmo9Bd+Cav8YDiTmwXR7t8="
                },
                "string_decoder": {
                  "version": "0.10.31",
                  "resolved": "https://registry.npmjs.org/string_decoder/-/string_decoder-0.10.31.tgz",
                  "integrity": "sha1-YuIDvEF2bGwoyfyEMB2rHFMQ+pQ="
                }
              }
            }
          }
        }
      }
    },
    "coffee-script": {
      "version": "1.9.3",
      "resolved": "https://registry.npmjs.org/coffee-script/-/coffee-script-1.9.3.tgz",
      "integrity": "sha1-WW5ug/z8tnxZZKtw1ES+/wrASsc="
    },
    "deep-is": {
      "version": "0.1.3",
      "resolved": "https://registry.npmjs.org/deep-is/-/deep-is-0.1.3.tgz",
      "integrity": "sha1-s2nW+128E+7PUk+RsHD+7cNXzzQ="
    },
    "fast-levenshtein": {
      "version": "2.0.6",
      "resolved": "https://registry.npmjs.org/fast-levenshtein/-/fast-levenshtein-2.0.6.tgz",
      "integrity": "sha1-PYpcZog6FqMMqGQ+hR8Zuqd5eRc="
    },
    "glob": {
      "version": "5.0.9",
      "resolved": "https://registry.npmjs.org/glob/-/glob-5.0.9.tgz",
      "integrity": "sha1-edEFHGW3UCDADUSao9JC4asK7ng=",
      "requires": {
        "inflight": "1.0.4",
        "inherits": "2.0.1",
        "minimatch": "2.0.8",
        "once": "1.3.2",
        "path-is-absolute": "1.0.0"
      },
      "dependencies": {
        "inflight": {
          "version": "1.0.4",
          "resolved": "https://registry.npmjs.org/inflight/-/inflight-1.0.4.tgz",
          "integrity": "sha1-bLtFIevVHODsCpNr/XZX736bFyo=",
          "requires": {
            "once": "1.3.2",
            "wrappy": "1.0.1"
          },
          "dependencies": {
            "wrappy": {
              "version": "1.0.1",
              "resolved": "https://registry.npmjs.org/wrappy/-/wrappy-1.0.1.tgz",
              "integrity": "sha1-HmWWmWXMvC20VIxrhKbyxa7dRzk="
            }
          }
        },
        "inherits": {
          "version": "2.0.1",
          "resolved": "https://registry.npmjs.org/inherits/-/inherits-2.0.1.tgz",
          "integrity": "sha1-sX0I0ya0Qj5Wjv9xn5GwscvfafE="
        },
        "minimatch": {
          "version": "2.0.8",
          "resolved": "https://registry.npmjs.org/minimatch/-/minimatch-2.0.8.tgz",
          "integrity": "sha1-C8IPa/NXCmmO8N3/kCBjxsq9pr8=",
          "requires": {
            "brace-expansion": "1.1.0"
          },
          "dependencies": {
            "brace-expansion": {
              "version": "1.1.0",
              "resolved": "https://registry.npmjs.org/brace-expansion/-/brace-expansion-1.1.0.tgz",
              "integrity": "sha1-ybfQPAPze8cEvhAOUitA249s/Nk=",
              "requires": {
                "balanced-match": "0.2.0",
                "concat-map": "0.0.1"
              },
              "dependencies": {
                "balanced-match": {
                  "version": "0.2.0",
                  "resolved": "https://registry.npmjs.org/balanced-match/-/balanced-match-0.2.0.tgz",
                  "integrity": "sha1-OPZzDAOqttXtu1K9k0iF51bXFnQ="
                },
                "concat-map": {
                  "version": "0.0.1",
                  "resolved": "https://registry.npmjs.org/concat-map/-/concat-map-0.0.1.tgz",
                  "integrity": "sha1-2Klr13/Wjfd5OnMDajug1UBdR3s="
                }
              }
            }
          }
        },
        "once": {
          "version": "1.3.2",
          "resolved": "https://registry.npmjs.org/once/-/once-1.3.2.tgz",
          "integrity": "sha1-2P7sqTsDnsHc3ud0HJK9rF4oCBs=",
          "requires": {
            "wrappy": "1.0.1"
          },
          "dependencies": {
            "wrappy": {
              "version": "1.0.1",
              "resolved": "https://registry.npmjs.org/wrappy/-/wrappy-1.0.1.tgz",
              "integrity": "sha1-HmWWmWXMvC20VIxrhKbyxa7dRzk="
            }
          }
        },
        "path-is-absolute": {
          "version": "1.0.0",
          "resolved": "https://registry.npmjs.org/path-is-absolute/-/path-is-absolute-1.0.0.tgz",
          "integrity": "sha1-Jj2tpmqz8vsQv3+dJN2PPlcO+RI="
        }
      }
    },
    "jison": {
      "version": "0.4.15",
      "resolved": "https://registry.npmjs.org/jison/-/jison-0.4.15.tgz",
      "integrity": "sha1-bGM2xD52sTx84p+WiYyL304eOPo=",
      "requires": {
        "JSONSelect": "0.4.0",
        "cjson": "0.3.0",
        "ebnf-parser": "0.1.10",
        "escodegen": "1.3.3",
        "esprima": "1.1.1",
        "jison-lex": "0.3.4",
        "lex-parser": "0.1.4",
        "nomnom": "1.5.2"
      },
      "dependencies": {
        "JSONSelect": {
          "version": "0.4.0",
          "resolved": "https://registry.npmjs.org/JSONSelect/-/JSONSelect-0.4.0.tgz",
          "integrity": "sha1-oI7cxn6z/L6Z7WMIVTRKDPKCu40="
        },
        "cjson": {
          "version": "0.3.0",
          "resolved": "https://registry.npmjs.org/cjson/-/cjson-0.3.0.tgz",
          "integrity": "sha1-5kObkHA9MS/24iJAl76pLOPQKhQ=",
          "requires": {
            "jsonlint": "1.6.0"
          },
          "dependencies": {
            "jsonlint": {
              "version": "1.6.0",
              "resolved": "https://registry.npmjs.org/jsonlint/-/jsonlint-1.6.0.tgz",
              "integrity": "sha1-iKpGvCiaesk7tGyuLVihh6m7SUo=",
              "requires": {
                "JSV": "4.0.2",
                "nomnom": "1.5.2"
              },
              "dependencies": {
                "JSV": {
                  "version": "4.0.2",
                  "resolved": "https://registry.npmjs.org/JSV/-/JSV-4.0.2.tgz",
                  "integrity": "sha1-0Hf2glVx+CEy+d/67Vh7QCn+/1c="
                }
              }
            }
          }
        },
        "ebnf-parser": {
          "version": "0.1.10",
          "resolved": "https://registry.npmjs.org/ebnf-parser/-/ebnf-parser-0.1.10.tgz",
          "integrity": "sha1-zR9rpHfFY4xAyX7ZtXLbW6tdgzE="
        },
        "escodegen": {
          "version": "1.3.3",
          "resolved": "https://registry.npmjs.org/escodegen/-/escodegen-1.3.3.tgz",
          "integrity": "sha1-8CQBb1qI4Eb9EgBQVek5gC5sXyM=",
          "requires": {
            "esprima": "1.1.1",
            "estraverse": "1.5.1",
            "esutils": "1.0.0",
            "source-map": "0.1.43"
          },
          "dependencies": {
            "estraverse": {
              "version": "1.5.1",
              "resolved": "https://registry.npmjs.org/estraverse/-/estraverse-1.5.1.tgz",
              "integrity": "sha1-hno+jlip+EYYr7bC3bzZFrfLr3E="
            },
            "esutils": {
              "version": "1.0.0",
              "resolved": "https://registry.npmjs.org/esutils/-/esutils-1.0.0.tgz",
              "integrity": "sha1-gVHTWOIMisx/t0XnRywAJf5JZXA="
            },
            "source-map": {
              "version": "0.1.43",
              "resolved": "https://registry.npmjs.org/source-map/-/source-map-0.1.43.tgz",
              "integrity": "sha1-wkvBRspRfBRx9drL4lcbK3+eM0Y=",
              "optional": true,
              "requires": {
                "amdefine": "0.1.1"
              },
              "dependencies": {
                "amdefine": {
                  "version": "0.1.1",
                  "resolved": "https://registry.npmjs.org/amdefine/-/amdefine-0.1.1.tgz",
                  "integrity": "sha1-tcdcUyBS3M1qOcAGTHcsjVegbNI=",
                  "optional": true
                }
              }
            }
          }
        },
        "esprima": {
          "version": "1.1.1",
          "resolved": "https://registry.npmjs.org/esprima/-/esprima-1.1.1.tgz",
          "integrity": "sha1-W28VR/TRAuZw4UDFCb5ncdautUk="
        },
        "jison-lex": {
          "version": "0.3.4",
          "resolved": "https://registry.npmjs.org/jison-lex/-/jison-lex-0.3.4.tgz",
          "integrity": "sha1-gcoo2E+ESZ36jFlNzePYo/Jux6U=",
          "requires": {
            "lex-parser": "0.1.4",
            "nomnom": "1.5.2"
          }
        },
        "lex-parser": {
          "version": "0.1.4",
          "resolved": "https://registry.npmjs.org/lex-parser/-/lex-parser-0.1.4.tgz",
          "integrity": "sha1-ZMTwJfF/1Tv7RXY/rrFvAVp0dVA="
        },
        "nomnom": {
          "version": "1.5.2",
          "resolved": "https://registry.npmjs.org/nomnom/-/nomnom-1.5.2.tgz",
          "integrity": "sha1-9DRUSKhTz71cDSYyDyR3qwUm/i8=",
          "requires": {
            "colors": "0.5.1",
            "underscore": "1.1.7"
          },
          "dependencies": {
            "colors": {
              "version": "0.5.1",
              "resolved": "https://registry.npmjs.org/colors/-/colors-0.5.1.tgz",
              "integrity": "sha1-fQAj6usVTo7p/Oddy5I9DtFmd3Q="
            },
            "underscore": {
              "version": "1.1.7",
              "resolved": "https://registry.npmjs.org/underscore/-/underscore-1.1.7.tgz",
              "integrity": "sha1-QLq4S60Z0jAJbo1u9ii/8FXYPbA="
            }
          }
        }
      }
    },
    "levn": {
      "version": "0.3.0",
      "resolved": "https://registry.npmjs.org/levn/-/levn-0.3.0.tgz",
      "integrity": "sha1-OwmSTt+fCDwEkP3UwLxEIeBHZO4=",
      "requires": {
        "prelude-ls": "1.1.2",
        "type-check": "0.3.2"
      }
    },
    "livescript": {
      "version": "1.5.0",
      "resolved": "https://registry.npmjs.org/livescript/-/livescript-1.5.0.tgz",
      "integrity": "sha1-T+cSHEEhfkYI4zTrnL4XYuY+VWY=",
      "requires": {
        "optionator": "0.8.2",
        "prelude-ls": "1.1.2",
        "source-map": "0.5.7"
      },
      "dependencies": {
        "source-map": {
          "version": "0.5.7",
          "resolved": "https://registry.npmjs.org/source-map/-/source-map-0.5.7.tgz",
          "integrity": "sha1-igOdLRAh0i0eoUyA2OpGi6LvP8w="
        }
      }
    },
    "nearley": {
      "version": "2.2.0",
      "resolved": "https://registry.npmjs.org/nearley/-/nearley-2.2.0.tgz",
      "integrity": "sha1-2JhdxOw18AkjHdyb/bwbY6IC1tg=",
      "requires": {
        "cli-color": "1.1.0",
        "nomnom": "1.6.2",
        "randexp": "0.4.2"
      },
      "dependencies": {
        "cli-color": {
          "version": "1.1.0",
          "resolved": "https://registry.npmjs.org/cli-color/-/cli-color-1.1.0.tgz",
          "integrity": "sha1-3hiM3Ekp2DtnrqBBEPvtQP2/Z3U=",
          "requires": {
            "ansi-regex": "2.0.0",
            "d": "0.1.1",
            "es5-ext": "0.10.11",
            "es6-iterator": "2.0.0",
            "memoizee": "0.3.9",
            "timers-ext": "0.1.0"
          },
          "dependencies": {
            "ansi-regex": {
              "version": "2.0.0",
              "resolved": "https://registry.npmjs.org/ansi-regex/-/ansi-regex-2.0.0.tgz",
              "integrity": "sha1-xQYbbg74qBd15Q9dZhUb9r83EQc="
            },
            "d": {
              "version": "0.1.1",
              "resolved": "https://registry.npmjs.org/d/-/d-0.1.1.tgz",
              "integrity": "sha1-2hhMU10Y2O57oqoim5FACfrhEwk=",
              "requires": {
                "es5-ext": "0.10.11"
              }
            },
            "es5-ext": {
              "version": "0.10.11",
              "resolved": "https://registry.npmjs.org/es5-ext/-/es5-ext-0.10.11.tgz",
              "integrity": "sha1-gYTD5wWoIJSMLb4EOEk3mx29DEU=",
              "requires": {
                "es6-iterator": "2.0.0",
                "es6-symbol": "3.0.2"
              },
              "dependencies": {
                "es6-symbol": {
                  "version": "3.0.2",
                  "resolved": "https://registry.npmjs.org/es6-symbol/-/es6-symbol-3.0.2.tgz",
                  "integrity": "sha1-HpKIeMb15jVBYltLtN9K8H0VQhk=",
                  "requires": {
                    "d": "0.1.1",
                    "es5-ext": "0.10.11"
                  }
                }
              }
            },
            "es6-iterator": {
              "version": "2.0.0",
              "resolved": "https://registry.npmjs.org/es6-iterator/-/es6-iterator-2.0.0.tgz",
              "integrity": "sha1-vZaFZ9YWNeM8C4BydhPJy0sJa6w=",
              "requires": {
                "d": "0.1.1",
                "es5-ext": "0.10.11",
                "es6-symbol": "3.0.2"
              },
              "dependencies": {
                "es6-symbol": {
                  "version": "3.0.2",
                  "resolved": "https://registry.npmjs.org/es6-symbol/-/es6-symbol-3.0.2.tgz",
                  "integrity": "sha1-HpKIeMb15jVBYltLtN9K8H0VQhk=",
                  "requires": {
                    "d": "0.1.1",
                    "es5-ext": "0.10.11"
                  }
                }
              }
            },
            "memoizee": {
              "version": "0.3.9",
              "resolved": "https://registry.npmjs.org/memoizee/-/memoizee-0.3.9.tgz",
              "integrity": "sha1-/CsvM+o5oHY37vdvQOP8i3ByQGw=",
              "requires": {
                "d": "0.1.1",
                "es5-ext": "0.10.11",
                "es6-weak-map": "0.1.4",
                "event-emitter": "0.3.4",
                "lru-queue": "0.1.0",
                "next-tick": "0.2.2",
                "timers-ext": "0.1.0"
              },
              "dependencies": {
                "es6-weak-map": {
                  "version": "0.1.4",
                  "resolved": "https://registry.npmjs.org/es6-weak-map/-/es6-weak-map-0.1.4.tgz",
                  "integrity": "sha1-cGzvnpmqI2undmwjnIueKG6n0ig=",
                  "requires": {
                    "d": "0.1.1",
                    "es5-ext": "0.10.11",
                    "es6-iterator": "0.1.3",
                    "es6-symbol": "2.0.1"
                  },
                  "dependencies": {
                    "es6-iterator": {
                      "version": "0.1.3",
                      "resolved": "https://registry.npmjs.org/es6-iterator/-/es6-iterator-0.1.3.tgz",
                      "integrity": "sha1-1vWLjE/EE8JJtLqhl2j45NfIlE4=",
                      "requires": {
                        "d": "0.1.1",
                        "es5-ext": "0.10.11",
                        "es6-symbol": "2.0.1"
                      }
                    },
                    "es6-symbol": {
                      "version": "2.0.1",
                      "resolved": "https://registry.npmjs.org/es6-symbol/-/es6-symbol-2.0.1.tgz",
                      "integrity": "sha1-dhtcZ8/U8dGK+yNPaR1nhoLLO/M=",
                      "requires": {
                        "d": "0.1.1",
                        "es5-ext": "0.10.11"
                      }
                    }
                  }
                },
                "event-emitter": {
                  "version": "0.3.4",
                  "resolved": "https://registry.npmjs.org/event-emitter/-/event-emitter-0.3.4.tgz",
                  "integrity": "sha1-jWPd+0z+H647MsomXExyAiIIC7U=",
                  "requires": {
                    "d": "0.1.1",
                    "es5-ext": "0.10.11"
                  }
                },
                "lru-queue": {
                  "version": "0.1.0",
                  "resolved": "https://registry.npmjs.org/lru-queue/-/lru-queue-0.1.0.tgz",
                  "integrity": "sha1-Jzi9nw089PhEkMVzbEhpmsYyzaM=",
                  "requires": {
                    "es5-ext": "0.10.11"
                  }
                },
                "next-tick": {
                  "version": "0.2.2",
                  "resolved": "https://registry.npmjs.org/next-tick/-/next-tick-0.2.2.tgz",
                  "integrity": "sha1-ddpKkn7liH45BliABltzNkE7MQ0="
                }
              }
            },
            "timers-ext": {
              "version": "0.1.0",
              "resolved": "https://registry.npmjs.org/timers-ext/-/timers-ext-0.1.0.tgz",
              "integrity": "sha1-ADRaLKkwidElEyIFQ4nSY+J7d+I=",
              "requires": {
                "es5-ext": "0.10.11",
                "next-tick": "0.2.2"
              },
              "dependencies": {
                "next-tick": {
                  "version": "0.2.2",
                  "resolved": "https://registry.npmjs.org/next-tick/-/next-tick-0.2.2.tgz",
                  "integrity": "sha1-ddpKkn7liH45BliABltzNkE7MQ0="
                }
              }
            }
          }
        },
        "nomnom": {
          "version": "1.6.2",
          "resolved": "https://registry.npmjs.org/nomnom/-/nomnom-1.6.2.tgz",
          "integrity": "sha1-hKZqJgF0QI/Ft3oY+IjszET7aXE=",
          "requires": {
            "colors": "0.5.1",
            "underscore": "1.4.4"
          },
          "dependencies": {
            "colors": {
              "version": "0.5.1",
              "resolved": "https://registry.npmjs.org/colors/-/colors-0.5.1.tgz",
              "integrity": "sha1-fQAj6usVTo7p/Oddy5I9DtFmd3Q="
            },
            "underscore": {
              "version": "1.4.4",
              "resolved": "https://registry.npmjs.org/underscore/-/underscore-1.4.4.tgz",
              "integrity": "sha1-YaajIBBiKvoHljvzJSA88SI51gQ="
            }
          }
        },
        "randexp": {
          "version": "0.4.2",
          "resolved": "https://registry.npmjs.org/randexp/-/randexp-0.4.2.tgz",
          "integrity": "sha1-poHMqfyUsODuZHnR+X2FFzjew+U=",
          "requires": {
            "discontinuous-range": "1.0.0",
            "ret": "0.1.11"
          },
          "dependencies": {
            "discontinuous-range": {
              "version": "1.0.0",
              "resolved": "https://registry.npmjs.org/discontinuous-range/-/discontinuous-range-1.0.0.tgz",
              "integrity": "sha1-44Mx8IRLukm5qctxx3FYWqsbxlo="
            },
            "ret": {
              "version": "0.1.11",
              "resolved": "https://registry.npmjs.org/ret/-/ret-0.1.11.tgz",
              "integrity": "sha1-KBu9W9DiqTUYGlA+xcpg4/qpxKk="
            }
          }
        }
      }
    },
    "optionator": {
      "version": "0.8.2",
      "resolved": "https://registry.npmjs.org/optionator/-/optionator-0.8.2.tgz",
      "integrity": "sha1-NkxeQJ0/TWMB1sC0wFu6UBgK62Q=",
      "requires": {
        "deep-is": "0.1.3",
        "fast-levenshtein": "2.0.6",
        "levn": "0.3.0",
        "prelude-ls": "1.1.2",
        "type-check": "0.3.2",
        "wordwrap": "1.0.0"
      },
      "dependencies": {
        "wordwrap": {
          "version": "1.0.0",
          "resolved": "https://registry.npmjs.org/wordwrap/-/wordwrap-1.0.0.tgz",
          "integrity": "sha1-J1hIEIkUVqQXHI0CJkQa3pDLyus="
        }
      }
    },
    "prelude-ls": {
      "version": "1.1.2",
      "resolved": "https://registry.npmjs.org/prelude-ls/-/prelude-ls-1.1.2.tgz",
      "integrity": "sha1-IZMqVJ9eUv/ZqCf1cOBL5iqX2lQ="
    },
    "requireg": {
      "version": "0.1.5",
      "resolved": "https://registry.npmjs.org/requireg/-/requireg-0.1.5.tgz",
      "integrity": "sha1-cKm5Bql38dEg4ik3MjqHqoKJ2ko=",
      "requires": {
        "rc": "1.0.3",
        "resolve": "0.6.3"
      },
      "dependencies": {
        "rc": {
          "version": "1.0.3",
          "resolved": "https://registry.npmjs.org/rc/-/rc-1.0.3.tgz",
          "integrity": "sha1-Ub8o0h8TqTJFKKljNGAWGtmjn3c=",
          "requires": {
            "deep-extend": "0.2.11",
            "ini": "1.3.4",
            "minimist": "0.0.10",
            "strip-json-comments": "0.1.3"
          },
          "dependencies": {
            "deep-extend": {
              "version": "0.2.11",
              "resolved": "https://registry.npmjs.org/deep-extend/-/deep-extend-0.2.11.tgz",
              "integrity": "sha1-eha6aXKRMjQFBhcElLyD9wdv4I8="
            },
            "ini": {
              "version": "1.3.4",
              "resolved": "https://registry.npmjs.org/ini/-/ini-1.3.4.tgz",
              "integrity": "sha1-BTfLedr1m1mhpRff9wbIbsA5Fi4="
            },
            "minimist": {
              "version": "0.0.10",
              "resolved": "https://registry.npmjs.org/minimist/-/minimist-0.0.10.tgz",
              "integrity": "sha1-3j+YVD2/lggr5IrRoMfNqDYwHc8="
            },
            "strip-json-comments": {
              "version": "0.1.3",
              "resolved": "https://registry.npmjs.org/strip-json-comments/-/strip-json-comments-0.1.3.tgz",
              "integrity": "sha1-Fkxk43Coo8wAyeAbU55WmCPw7lQ="
            }
          }
        },
        "resolve": {
          "version": "0.6.3",
          "resolved": "https://registry.npmjs.org/resolve/-/resolve-0.6.3.tgz",
          "integrity": "sha1-3ZV5gufnNt699TtYpN2RdUV13UY="
        }
      }
    },
    "type-check": {
      "version": "0.3.2",
      "resolved": "https://registry.npmjs.org/type-check/-/type-check-0.3.2.tgz",
      "integrity": "sha1-WITKtRLPHTVeP7eE8wgEsrUg23I=",
      "requires": {
        "prelude-ls": "1.1.2"
      }
    },
    "typescript": {
      "version": "https://registry.npmjs.org/typescript/-/typescript-2.1.4.tgz",
      "integrity": "sha1-tTtp+4QRJqyx3Us5fSHauodXIlE="
    },
    "underscore": {
      "version": "1.8.3",
      "resolved": "https://registry.npmjs.org/underscore/-/underscore-1.8.3.tgz",
      "integrity": "sha1-Tz+1OxBuYJf8+ctBCfKl6b36UCI="
    }
  }
}
